// !$*UTF8*$!
{
	archiveVersion = 1;
	classes = {
	};
	objectVersion = 52;
	objects = {

/* Begin PBXBuildFile section */
		00144D1B2666668D00EE7664 /* UserStorage.swift in Sources */ = {isa = PBXBuildFile; fileRef = 00144D1A2666668D00EE7664 /* UserStorage.swift */; };
		0026291926B1DDBC00668D1F /* main.swift in Sources */ = {isa = PBXBuildFile; fileRef = 0026291826B1DDBC00668D1F /* main.swift */; };
		0026291D26B1DDE800668D1F /* TestsAppDelegate.swift in Sources */ = {isa = PBXBuildFile; fileRef = 0026291C26B1DDE800668D1F /* TestsAppDelegate.swift */; };
		00453ECF27E7631700E3DC6E /* Realm in Frameworks */ = {isa = PBXBuildFile; productRef = 00453ECE27E7631700E3DC6E /* Realm */; };
		00453ED127E7631700E3DC6E /* RealmSwift in Frameworks */ = {isa = PBXBuildFile; productRef = 00453ED027E7631700E3DC6E /* RealmSwift */; };
		00453ED327E763FC00E3DC6E /* RealmSwift in Frameworks */ = {isa = PBXBuildFile; productRef = 00453ED227E763FC00E3DC6E /* RealmSwift */; };
		00453ED527E7640200E3DC6E /* Realm in Frameworks */ = {isa = PBXBuildFile; productRef = 00453ED427E7640200E3DC6E /* Realm */; };
		0065838426C53B97005326B0 /* AppUserContainer.swift in Sources */ = {isa = PBXBuildFile; fileRef = 0065838326C53B97005326B0 /* AppUserContainer.swift */; };
		0065839026C53D28005326B0 /* UserContainer.swift in Sources */ = {isa = PBXBuildFile; fileRef = 0065838F26C53D28005326B0 /* UserContainer.swift */; };
		0065839226C53D55005326B0 /* KeyedUserContainer.swift in Sources */ = {isa = PBXBuildFile; fileRef = 0065839126C53D55005326B0 /* KeyedUserContainer.swift */; };
		0065839626C53EEC005326B0 /* ListView.swift in Sources */ = {isa = PBXBuildFile; fileRef = 0065839526C53EEC005326B0 /* ListView.swift */; };
		0065839826C53F04005326B0 /* ViewModel.swift in Sources */ = {isa = PBXBuildFile; fileRef = 0065839726C53F04005326B0 /* ViewModel.swift */; };
		0065839A26C53F99005326B0 /* Publisher+.swift in Sources */ = {isa = PBXBuildFile; fileRef = 0065839926C53F99005326B0 /* Publisher+.swift */; };
		00762F37269CCB0700BD6330 /* Publisher+Diff.swift in Sources */ = {isa = PBXBuildFile; fileRef = 00762F36269CCB0700BD6330 /* Publisher+Diff.swift */; };
		00A6D5C826C304CC008E0BFC /* ImmediateScheduler.swift in Sources */ = {isa = PBXBuildFile; fileRef = 00A6D5C426C304CC008E0BFC /* ImmediateScheduler.swift */; };
		00A6D5CA26C304CC008E0BFC /* TestScheduler.swift in Sources */ = {isa = PBXBuildFile; fileRef = 00A6D5C626C304CC008E0BFC /* TestScheduler.swift */; };
		00A6D5CB26C304CC008E0BFC /* AnyScheduler.swift in Sources */ = {isa = PBXBuildFile; fileRef = 00A6D5C726C304CC008E0BFC /* AnyScheduler.swift */; };
		00AAC4992660257C009F43A1 /* AppDelegate.swift in Sources */ = {isa = PBXBuildFile; fileRef = 00AAC4982660257C009F43A1 /* AppDelegate.swift */; };
		00AAC4A22660257E009F43A1 /* Assets.xcassets in Resources */ = {isa = PBXBuildFile; fileRef = 00AAC4A12660257E009F43A1 /* Assets.xcassets */; };
		00AAC4A52660257E009F43A1 /* LaunchScreen.storyboard in Resources */ = {isa = PBXBuildFile; fileRef = 00AAC4A32660257E009F43A1 /* LaunchScreen.storyboard */; };
		00B08EE326709C42004D9D2D /* PersistencePrimaryGatewayTests.swift in Sources */ = {isa = PBXBuildFile; fileRef = 00B08EE226709C42004D9D2D /* PersistencePrimaryGatewayTests.swift */; };
		00B08EE52670A32A004D9D2D /* PersistenceGatewayCoomonTests.swift in Sources */ = {isa = PBXBuildFile; fileRef = 00B08EE42670A32A004D9D2D /* PersistenceGatewayCoomonTests.swift */; };
		00B458102660291900D15EFD /* PersistenceGateway.swift in Sources */ = {isa = PBXBuildFile; fileRef = 00B4580F2660291900D15EFD /* PersistenceGateway.swift */; };
		00B4581226602BD200D15EFD /* Mapper.swift in Sources */ = {isa = PBXBuildFile; fileRef = 00B4581126602BD200D15EFD /* Mapper.swift */; };
		00B4581426602BE700D15EFD /* User.swift in Sources */ = {isa = PBXBuildFile; fileRef = 00B4581326602BE700D15EFD /* User.swift */; };
		00BBF68F26752B070033844D /* PersistenceGatewayListenTests.swift in Sources */ = {isa = PBXBuildFile; fileRef = 00BBF68E26752B070033844D /* PersistenceGatewayListenTests.swift */; };
		00BBF69226752B120033844D /* PrimaryKeyUser.swift in Sources */ = {isa = PBXBuildFile; fileRef = 00BBF69126752B120033844D /* PrimaryKeyUser.swift */; };
		00BBF69426752B450033844D /* NotPrimaryKeyUser.swift in Sources */ = {isa = PBXBuildFile; fileRef = 00BBF69326752B450033844D /* NotPrimaryKeyUser.swift */; };
		00BBF6962677D7820033844D /* PersistenceGatewayListenChangesetTests.swift in Sources */ = {isa = PBXBuildFile; fileRef = 00BBF6952677D7820033844D /* PersistenceGatewayListenChangesetTests.swift */; };
		00C169D8266FFF61005EF0E1 /* PersistenceNotPrimaryGatewayTests.swift in Sources */ = {isa = PBXBuildFile; fileRef = 00C169D7266FFF61005EF0E1 /* PersistenceNotPrimaryGatewayTests.swift */; };
		00C3EA2627E7961C00F8E1E9 /* ListViewController.swift in Sources */ = {isa = PBXBuildFile; fileRef = 00C3EA2527E7961C00F8E1E9 /* ListViewController.swift */; };
		00C3EA2B27E799D100F8E1E9 /* ExampleMapper.swift in Sources */ = {isa = PBXBuildFile; fileRef = 00C3EA2A27E799D100F8E1E9 /* ExampleMapper.swift */; };
		00C3EA2D27E799EC00F8E1E9 /* Protocols.swift in Sources */ = {isa = PBXBuildFile; fileRef = 00C3EA2C27E799EC00F8E1E9 /* Protocols.swift */; };
		00C3EA2F27E79A0B00F8E1E9 /* ExampleController.swift in Sources */ = {isa = PBXBuildFile; fileRef = 00C3EA2E27E79A0B00F8E1E9 /* ExampleController.swift */; };
		00C3EA3127E79A3700F8E1E9 /* New.swift in Sources */ = {isa = PBXBuildFile; fileRef = 00C3EA3027E79A3700F8E1E9 /* New.swift */; };
		00C3EA3327E79A8F00F8E1E9 /* Old.swift in Sources */ = {isa = PBXBuildFile; fileRef = 00C3EA3227E79A8F00F8E1E9 /* Old.swift */; };
		00C3EA3527E7A3D100F8E1E9 /* MainCoordinator.swift in Sources */ = {isa = PBXBuildFile; fileRef = 00C3EA3427E7A3D100F8E1E9 /* MainCoordinator.swift */; };
		00C3EA3727E7A3EC00F8E1E9 /* ArticleCoordinator.swift in Sources */ = {isa = PBXBuildFile; fileRef = 00C3EA3627E7A3EC00F8E1E9 /* ArticleCoordinator.swift */; };
		00C3EA3927E7A40D00F8E1E9 /* ListData.swift in Sources */ = {isa = PBXBuildFile; fileRef = 00C3EA3827E7A40D00F8E1E9 /* ListData.swift */; };
		00E241E426D02B5F0027FCF9 /* ListInteractor.swift in Sources */ = {isa = PBXBuildFile; fileRef = 00E241E326D02B5F0027FCF9 /* ListInteractor.swift */; };
		00F62025267880B600107F16 /* ChangesetItem.swift in Sources */ = {isa = PBXBuildFile; fileRef = 00F62024267880B600107F16 /* ChangesetItem.swift */; };
		00F62027267880F500107F16 /* PersistenceChangeset.swift in Sources */ = {isa = PBXBuildFile; fileRef = 00F62026267880F500107F16 /* PersistenceChangeset.swift */; };
		00F6202A267881A700107F16 /* PersistenceGatewayProtocol.swift in Sources */ = {isa = PBXBuildFile; fileRef = 00F62029267881A700107F16 /* PersistenceGatewayProtocol.swift */; };
/* End PBXBuildFile section */

/* Begin PBXContainerItemProxy section */
		00C169D1266FFF48005EF0E1 /* PBXContainerItemProxy */ = {
			isa = PBXContainerItemProxy;
			containerPortal = 00AAC48D2660257C009F43A1 /* Project object */;
			proxyType = 1;
			remoteGlobalIDString = 00AAC4942660257C009F43A1;
			remoteInfo = RealmTest;
		};
/* End PBXContainerItemProxy section */

/* Begin PBXFileReference section */
		00144D1A2666668D00EE7664 /* UserStorage.swift */ = {isa = PBXFileReference; lastKnownFileType = sourcecode.swift; path = UserStorage.swift; sourceTree = "<group>"; };
		0026291826B1DDBC00668D1F /* main.swift */ = {isa = PBXFileReference; lastKnownFileType = sourcecode.swift; path = main.swift; sourceTree = "<group>"; };
		0026291C26B1DDE800668D1F /* TestsAppDelegate.swift */ = {isa = PBXFileReference; lastKnownFileType = sourcecode.swift; path = TestsAppDelegate.swift; sourceTree = "<group>"; };
		0065838326C53B97005326B0 /* AppUserContainer.swift */ = {isa = PBXFileReference; lastKnownFileType = sourcecode.swift; path = AppUserContainer.swift; sourceTree = "<group>"; };
		0065838F26C53D28005326B0 /* UserContainer.swift */ = {isa = PBXFileReference; lastKnownFileType = sourcecode.swift; path = UserContainer.swift; sourceTree = "<group>"; };
		0065839126C53D55005326B0 /* KeyedUserContainer.swift */ = {isa = PBXFileReference; lastKnownFileType = sourcecode.swift; path = KeyedUserContainer.swift; sourceTree = "<group>"; };
		0065839526C53EEC005326B0 /* ListView.swift */ = {isa = PBXFileReference; lastKnownFileType = sourcecode.swift; path = ListView.swift; sourceTree = "<group>"; };
		0065839726C53F04005326B0 /* ViewModel.swift */ = {isa = PBXFileReference; lastKnownFileType = sourcecode.swift; path = ViewModel.swift; sourceTree = "<group>"; };
		0065839926C53F99005326B0 /* Publisher+.swift */ = {isa = PBXFileReference; lastKnownFileType = sourcecode.swift; path = "Publisher+.swift"; sourceTree = "<group>"; };
		00762F36269CCB0700BD6330 /* Publisher+Diff.swift */ = {isa = PBXFileReference; lastKnownFileType = sourcecode.swift; path = "Publisher+Diff.swift"; sourceTree = "<group>"; };
		00A6D5C426C304CC008E0BFC /* ImmediateScheduler.swift */ = {isa = PBXFileReference; fileEncoding = 4; lastKnownFileType = sourcecode.swift; path = ImmediateScheduler.swift; sourceTree = "<group>"; };
		00A6D5C626C304CC008E0BFC /* TestScheduler.swift */ = {isa = PBXFileReference; fileEncoding = 4; lastKnownFileType = sourcecode.swift; path = TestScheduler.swift; sourceTree = "<group>"; };
		00A6D5C726C304CC008E0BFC /* AnyScheduler.swift */ = {isa = PBXFileReference; fileEncoding = 4; lastKnownFileType = sourcecode.swift; path = AnyScheduler.swift; sourceTree = "<group>"; };
		00AAC4952660257C009F43A1 /* RealmTest.app */ = {isa = PBXFileReference; explicitFileType = wrapper.application; includeInIndex = 0; path = RealmTest.app; sourceTree = BUILT_PRODUCTS_DIR; };
		00AAC4982660257C009F43A1 /* AppDelegate.swift */ = {isa = PBXFileReference; lastKnownFileType = sourcecode.swift; path = AppDelegate.swift; sourceTree = "<group>"; };
		00AAC4A12660257E009F43A1 /* Assets.xcassets */ = {isa = PBXFileReference; lastKnownFileType = folder.assetcatalog; path = Assets.xcassets; sourceTree = "<group>"; };
		00AAC4A42660257E009F43A1 /* Base */ = {isa = PBXFileReference; lastKnownFileType = file.storyboard; name = Base; path = Base.lproj/LaunchScreen.storyboard; sourceTree = "<group>"; };
		00AAC4A62660257E009F43A1 /* Info.plist */ = {isa = PBXFileReference; lastKnownFileType = text.plist.xml; path = Info.plist; sourceTree = "<group>"; };
		00B08EE226709C42004D9D2D /* PersistencePrimaryGatewayTests.swift */ = {isa = PBXFileReference; lastKnownFileType = sourcecode.swift; path = PersistencePrimaryGatewayTests.swift; sourceTree = "<group>"; };
		00B08EE42670A32A004D9D2D /* PersistenceGatewayCoomonTests.swift */ = {isa = PBXFileReference; lastKnownFileType = sourcecode.swift; path = PersistenceGatewayCoomonTests.swift; sourceTree = "<group>"; };
		00B4580A266028E600D15EFD /* Realm.framework */ = {isa = PBXFileReference; lastKnownFileType = wrapper.framework; name = Realm.framework; path = Carthage/Build/iOS/Realm.framework; sourceTree = "<group>"; };
		00B4580B266028E600D15EFD /* RealmSwift.framework */ = {isa = PBXFileReference; lastKnownFileType = wrapper.framework; name = RealmSwift.framework; path = Carthage/Build/iOS/RealmSwift.framework; sourceTree = "<group>"; };
		00B4580F2660291900D15EFD /* PersistenceGateway.swift */ = {isa = PBXFileReference; lastKnownFileType = sourcecode.swift; path = PersistenceGateway.swift; sourceTree = "<group>"; };
		00B4581126602BD200D15EFD /* Mapper.swift */ = {isa = PBXFileReference; lastKnownFileType = sourcecode.swift; path = Mapper.swift; sourceTree = "<group>"; };
		00B4581326602BE700D15EFD /* User.swift */ = {isa = PBXFileReference; lastKnownFileType = sourcecode.swift; path = User.swift; sourceTree = "<group>"; };
		00BBF68E26752B070033844D /* PersistenceGatewayListenTests.swift */ = {isa = PBXFileReference; lastKnownFileType = sourcecode.swift; path = PersistenceGatewayListenTests.swift; sourceTree = "<group>"; };
		00BBF69126752B120033844D /* PrimaryKeyUser.swift */ = {isa = PBXFileReference; lastKnownFileType = sourcecode.swift; path = PrimaryKeyUser.swift; sourceTree = "<group>"; };
		00BBF69326752B450033844D /* NotPrimaryKeyUser.swift */ = {isa = PBXFileReference; lastKnownFileType = sourcecode.swift; path = NotPrimaryKeyUser.swift; sourceTree = "<group>"; };
		00BBF6952677D7820033844D /* PersistenceGatewayListenChangesetTests.swift */ = {isa = PBXFileReference; lastKnownFileType = sourcecode.swift; path = PersistenceGatewayListenChangesetTests.swift; sourceTree = "<group>"; };
		00C169CC266FFF48005EF0E1 /* RealmTestTests.xctest */ = {isa = PBXFileReference; explicitFileType = wrapper.cfbundle; includeInIndex = 0; path = RealmTestTests.xctest; sourceTree = BUILT_PRODUCTS_DIR; };
		00C169D0266FFF48005EF0E1 /* Info.plist */ = {isa = PBXFileReference; lastKnownFileType = text.plist.xml; path = Info.plist; sourceTree = "<group>"; };
		00C169D7266FFF61005EF0E1 /* PersistenceNotPrimaryGatewayTests.swift */ = {isa = PBXFileReference; lastKnownFileType = sourcecode.swift; path = PersistenceNotPrimaryGatewayTests.swift; sourceTree = "<group>"; };
		00C3EA2527E7961C00F8E1E9 /* ListViewController.swift */ = {isa = PBXFileReference; lastKnownFileType = sourcecode.swift; path = ListViewController.swift; sourceTree = "<group>"; };
		00C3EA2A27E799D100F8E1E9 /* ExampleMapper.swift */ = {isa = PBXFileReference; lastKnownFileType = sourcecode.swift; path = ExampleMapper.swift; sourceTree = "<group>"; };
		00C3EA2C27E799EC00F8E1E9 /* Protocols.swift */ = {isa = PBXFileReference; lastKnownFileType = sourcecode.swift; path = Protocols.swift; sourceTree = "<group>"; };
		00C3EA2E27E79A0B00F8E1E9 /* ExampleController.swift */ = {isa = PBXFileReference; lastKnownFileType = sourcecode.swift; path = ExampleController.swift; sourceTree = "<group>"; };
		00C3EA3027E79A3700F8E1E9 /* New.swift */ = {isa = PBXFileReference; lastKnownFileType = sourcecode.swift; path = New.swift; sourceTree = "<group>"; };
		00C3EA3227E79A8F00F8E1E9 /* Old.swift */ = {isa = PBXFileReference; lastKnownFileType = sourcecode.swift; path = Old.swift; sourceTree = "<group>"; };
		00C3EA3427E7A3D100F8E1E9 /* MainCoordinator.swift */ = {isa = PBXFileReference; lastKnownFileType = sourcecode.swift; path = MainCoordinator.swift; sourceTree = "<group>"; };
		00C3EA3627E7A3EC00F8E1E9 /* ArticleCoordinator.swift */ = {isa = PBXFileReference; lastKnownFileType = sourcecode.swift; path = ArticleCoordinator.swift; sourceTree = "<group>"; };
		00C3EA3827E7A40D00F8E1E9 /* ListData.swift */ = {isa = PBXFileReference; lastKnownFileType = sourcecode.swift; path = ListData.swift; sourceTree = "<group>"; };
		00E241E326D02B5F0027FCF9 /* ListInteractor.swift */ = {isa = PBXFileReference; lastKnownFileType = sourcecode.swift; path = ListInteractor.swift; sourceTree = "<group>"; };
		00F62024267880B600107F16 /* ChangesetItem.swift */ = {isa = PBXFileReference; lastKnownFileType = sourcecode.swift; path = ChangesetItem.swift; sourceTree = "<group>"; };
		00F62026267880F500107F16 /* PersistenceChangeset.swift */ = {isa = PBXFileReference; lastKnownFileType = sourcecode.swift; path = PersistenceChangeset.swift; sourceTree = "<group>"; };
		00F62029267881A700107F16 /* PersistenceGatewayProtocol.swift */ = {isa = PBXFileReference; lastKnownFileType = sourcecode.swift; path = PersistenceGatewayProtocol.swift; sourceTree = "<group>"; };
/* End PBXFileReference section */

/* Begin PBXFrameworksBuildPhase section */
		00AAC4922660257C009F43A1 /* Frameworks */ = {
			isa = PBXFrameworksBuildPhase;
			buildActionMask = 2147483647;
			files = (
				00453ED127E7631700E3DC6E /* RealmSwift in Frameworks */,
				00453ECF27E7631700E3DC6E /* Realm in Frameworks */,
			);
			runOnlyForDeploymentPostprocessing = 0;
		};
		00C169C9266FFF48005EF0E1 /* Frameworks */ = {
			isa = PBXFrameworksBuildPhase;
			buildActionMask = 2147483647;
			files = (
				00453ED527E7640200E3DC6E /* Realm in Frameworks */,
				00453ED327E763FC00E3DC6E /* RealmSwift in Frameworks */,
			);
			runOnlyForDeploymentPostprocessing = 0;
		};
/* End PBXFrameworksBuildPhase section */

/* Begin PBXGroup section */
		0065838226C53AA4005326B0 /* Models */ = {
			isa = PBXGroup;
			children = (
				0065838C26C53C50005326B0 /* User */,
				0065838526C53BC2005326B0 /* AppUserContainer */,
			);
			path = Models;
			sourceTree = "<group>";
		};
		0065838526C53BC2005326B0 /* AppUserContainer */ = {
			isa = PBXGroup;
			children = (
				0065838326C53B97005326B0 /* AppUserContainer.swift */,
			);
			path = AppUserContainer;
			sourceTree = "<group>";
		};
		0065838C26C53C50005326B0 /* User */ = {
			isa = PBXGroup;
			children = (
				00B4581326602BE700D15EFD /* User.swift */,
			);
			path = User;
			sourceTree = "<group>";
		};
		0065839326C53EC9005326B0 /* Helpers */ = {
			isa = PBXGroup;
			children = (
				0065839926C53F99005326B0 /* Publisher+.swift */,
			);
			path = Helpers;
			sourceTree = "<group>";
		};
		0065839426C53EE0005326B0 /* Flow */ = {
			isa = PBXGroup;
			children = (
				00C3EA3A27E7A43D00F8E1E9 /* Main */,
			);
			path = Flow;
			sourceTree = "<group>";
		};
		00A6D5C326C304CC008E0BFC /* Schedulers */ = {
			isa = PBXGroup;
			children = (
				00A6D5C426C304CC008E0BFC /* ImmediateScheduler.swift */,
				00A6D5C626C304CC008E0BFC /* TestScheduler.swift */,
				00A6D5C726C304CC008E0BFC /* AnyScheduler.swift */,
			);
			path = Schedulers;
			sourceTree = "<group>";
		};
		00AAC48C2660257C009F43A1 = {
			isa = PBXGroup;
			children = (
				00AAC4972660257C009F43A1 /* RealmTest */,
				00C169CD266FFF48005EF0E1 /* RealmTestTests */,
				00AAC4962660257C009F43A1 /* Products */,
				00B45809266028E500D15EFD /* Frameworks */,
			);
			sourceTree = "<group>";
		};
		00AAC4962660257C009F43A1 /* Products */ = {
			isa = PBXGroup;
			children = (
				00AAC4952660257C009F43A1 /* RealmTest.app */,
				00C169CC266FFF48005EF0E1 /* RealmTestTests.xctest */,
			);
			name = Products;
			sourceTree = "<group>";
		};
		00AAC4972660257C009F43A1 /* RealmTest */ = {
			isa = PBXGroup;
			children = (
				0065839426C53EE0005326B0 /* Flow */,
				0065839326C53EC9005326B0 /* Helpers */,
				0065838226C53AA4005326B0 /* Models */,
				00A6D5C326C304CC008E0BFC /* Schedulers */,
				00B4580E266028FE00D15EFD /* Realm */,
				00AAC4982660257C009F43A1 /* AppDelegate.swift */,
				00AAC4A12660257E009F43A1 /* Assets.xcassets */,
				00AAC4A32660257E009F43A1 /* LaunchScreen.storyboard */,
				00AAC4A62660257E009F43A1 /* Info.plist */,
				0026291826B1DDBC00668D1F /* main.swift */,
			);
			path = RealmTest;
			sourceTree = "<group>";
		};
		00B45809266028E500D15EFD /* Frameworks */ = {
			isa = PBXGroup;
			children = (
				00B4580A266028E600D15EFD /* Realm.framework */,
				00B4580B266028E600D15EFD /* RealmSwift.framework */,
			);
			name = Frameworks;
			sourceTree = "<group>";
		};
		00B4580E266028FE00D15EFD /* Realm */ = {
			isa = PBXGroup;
			children = (
				00B4580F2660291900D15EFD /* PersistenceGateway.swift */,
				00F62029267881A700107F16 /* PersistenceGatewayProtocol.swift */,
				00B4581126602BD200D15EFD /* Mapper.swift */,
				00144D1A2666668D00EE7664 /* UserStorage.swift */,
				00F62024267880B600107F16 /* ChangesetItem.swift */,
				00F62026267880F500107F16 /* PersistenceChangeset.swift */,
				00762F36269CCB0700BD6330 /* Publisher+Diff.swift */,
			);
			path = Realm;
			sourceTree = "<group>";
		};
		00BBF69026752B0B0033844D /* Models */ = {
			isa = PBXGroup;
			children = (
				00BBF69126752B120033844D /* PrimaryKeyUser.swift */,
				00BBF69326752B450033844D /* NotPrimaryKeyUser.swift */,
				0065838F26C53D28005326B0 /* UserContainer.swift */,
				0065839126C53D55005326B0 /* KeyedUserContainer.swift */,
			);
			path = Models;
			sourceTree = "<group>";
		};
		00C169CD266FFF48005EF0E1 /* RealmTestTests */ = {
			isa = PBXGroup;
			children = (
				00C169D6266FFF54005EF0E1 /* Persistence */,
				00C169D0266FFF48005EF0E1 /* Info.plist */,
				0026291C26B1DDE800668D1F /* TestsAppDelegate.swift */,
			);
			path = RealmTestTests;
			sourceTree = "<group>";
		};
		00C169D6266FFF54005EF0E1 /* Persistence */ = {
			isa = PBXGroup;
			children = (
				00BBF69026752B0B0033844D /* Models */,
				00C169D7266FFF61005EF0E1 /* PersistenceNotPrimaryGatewayTests.swift */,
				00B08EE226709C42004D9D2D /* PersistencePrimaryGatewayTests.swift */,
				00B08EE42670A32A004D9D2D /* PersistenceGatewayCoomonTests.swift */,
				00BBF68E26752B070033844D /* PersistenceGatewayListenTests.swift */,
				00BBF6952677D7820033844D /* PersistenceGatewayListenChangesetTests.swift */,
			);
			path = Persistence;
			sourceTree = "<group>";
		};
		00C3EA2327E795E900F8E1E9 /* ArticleExample */ = {
			isa = PBXGroup;
			children = (
				00C3EA3627E7A3EC00F8E1E9 /* ArticleCoordinator.swift */,
				00C3EA2927E799CB00F8E1E9 /* Common */,
				00C3EA2827E7999800F8E1E9 /* New */,
				00C3EA2727E7999400F8E1E9 /* Old */,
			);
			path = ArticleExample;
			sourceTree = "<group>";
		};
		00C3EA2427E795FB00F8E1E9 /* SUIExample */ = {
			isa = PBXGroup;
			children = (
				0065839526C53EEC005326B0 /* ListView.swift */,
				0065839726C53F04005326B0 /* ViewModel.swift */,
				00E241E326D02B5F0027FCF9 /* ListInteractor.swift */,
			);
			path = SUIExample;
			sourceTree = "<group>";
		};
		00C3EA2727E7999400F8E1E9 /* Old */ = {
			isa = PBXGroup;
			children = (
				00C3EA3227E79A8F00F8E1E9 /* Old.swift */,
			);
			path = Old;
			sourceTree = "<group>";
		};
		00C3EA2827E7999800F8E1E9 /* New */ = {
			isa = PBXGroup;
			children = (
				00C3EA3027E79A3700F8E1E9 /* New.swift */,
			);
			path = New;
			sourceTree = "<group>";
		};
		00C3EA2927E799CB00F8E1E9 /* Common */ = {
			isa = PBXGroup;
			children = (
				00C3EA2A27E799D100F8E1E9 /* ExampleMapper.swift */,
				00C3EA2C27E799EC00F8E1E9 /* Protocols.swift */,
				00C3EA2E27E79A0B00F8E1E9 /* ExampleController.swift */,
			);
			path = Common;
			sourceTree = "<group>";
		};
		00C3EA3A27E7A43D00F8E1E9 /* Main */ = {
			isa = PBXGroup;
			children = (
				00C3EA2427E795FB00F8E1E9 /* SUIExample */,
				00C3EA2327E795E900F8E1E9 /* ArticleExample */,
				00C3EA2527E7961C00F8E1E9 /* ListViewController.swift */,
				00C3EA3427E7A3D100F8E1E9 /* MainCoordinator.swift */,
				00C3EA3827E7A40D00F8E1E9 /* ListData.swift */,
			);
			path = Main;
			sourceTree = "<group>";
		};
/* End PBXGroup section */

/* Begin PBXNativeTarget section */
		00AAC4942660257C009F43A1 /* RealmTest */ = {
			isa = PBXNativeTarget;
			buildConfigurationList = 00AAC4A92660257F009F43A1 /* Build configuration list for PBXNativeTarget "RealmTest" */;
			buildPhases = (
				00AAC4912660257C009F43A1 /* Sources */,
				00AAC4922660257C009F43A1 /* Frameworks */,
				00AAC4932660257C009F43A1 /* Resources */,
			);
			buildRules = (
			);
			dependencies = (
			);
			name = RealmTest;
			packageProductDependencies = (
				00453ECE27E7631700E3DC6E /* Realm */,
				00453ED027E7631700E3DC6E /* RealmSwift */,
			);
			productName = RealmTest;
			productReference = 00AAC4952660257C009F43A1 /* RealmTest.app */;
			productType = "com.apple.product-type.application";
		};
		00C169CB266FFF48005EF0E1 /* RealmTestTests */ = {
			isa = PBXNativeTarget;
			buildConfigurationList = 00C169D5266FFF48005EF0E1 /* Build configuration list for PBXNativeTarget "RealmTestTests" */;
			buildPhases = (
				00C169C8266FFF48005EF0E1 /* Sources */,
				00C169C9266FFF48005EF0E1 /* Frameworks */,
				00C169CA266FFF48005EF0E1 /* Resources */,
			);
			buildRules = (
			);
			dependencies = (
				00C169D2266FFF48005EF0E1 /* PBXTargetDependency */,
			);
			name = RealmTestTests;
			packageProductDependencies = (
				00453ED227E763FC00E3DC6E /* RealmSwift */,
				00453ED427E7640200E3DC6E /* Realm */,
			);
			productName = RealmTestTests;
			productReference = 00C169CC266FFF48005EF0E1 /* RealmTestTests.xctest */;
			productType = "com.apple.product-type.bundle.unit-test";
		};
/* End PBXNativeTarget section */

/* Begin PBXProject section */
		00AAC48D2660257C009F43A1 /* Project object */ = {
			isa = PBXProject;
			attributes = {
				LastSwiftUpdateCheck = 1250;
				LastUpgradeCheck = 1250;
				TargetAttributes = {
					00AAC4942660257C009F43A1 = {
						CreatedOnToolsVersion = 12.5;
					};
					00C169CB266FFF48005EF0E1 = {
						CreatedOnToolsVersion = 12.5;
						TestTargetID = 00AAC4942660257C009F43A1;
					};
				};
			};
			buildConfigurationList = 00AAC4902660257C009F43A1 /* Build configuration list for PBXProject "RealmTest" */;
			compatibilityVersion = "Xcode 9.3";
			developmentRegion = en;
			hasScannedForEncodings = 0;
			knownRegions = (
				en,
				Base,
			);
			mainGroup = 00AAC48C2660257C009F43A1;
			packageReferences = (
				00453ECD27E7631700E3DC6E /* XCRemoteSwiftPackageReference "realm-swift" */,
			);
			productRefGroup = 00AAC4962660257C009F43A1 /* Products */;
			projectDirPath = "";
			projectRoot = "";
			targets = (
				00AAC4942660257C009F43A1 /* RealmTest */,
				00C169CB266FFF48005EF0E1 /* RealmTestTests */,
			);
		};
/* End PBXProject section */

/* Begin PBXResourcesBuildPhase section */
		00AAC4932660257C009F43A1 /* Resources */ = {
			isa = PBXResourcesBuildPhase;
			buildActionMask = 2147483647;
			files = (
				00AAC4A52660257E009F43A1 /* LaunchScreen.storyboard in Resources */,
				00AAC4A22660257E009F43A1 /* Assets.xcassets in Resources */,
			);
			runOnlyForDeploymentPostprocessing = 0;
		};
		00C169CA266FFF48005EF0E1 /* Resources */ = {
			isa = PBXResourcesBuildPhase;
			buildActionMask = 2147483647;
			files = (
			);
			runOnlyForDeploymentPostprocessing = 0;
		};
/* End PBXResourcesBuildPhase section */

/* Begin PBXSourcesBuildPhase section */
		00AAC4912660257C009F43A1 /* Sources */ = {
			isa = PBXSourcesBuildPhase;
			buildActionMask = 2147483647;
			files = (
				00C3EA2F27E79A0B00F8E1E9 /* ExampleController.swift in Sources */,
				00F6202A267881A700107F16 /* PersistenceGatewayProtocol.swift in Sources */,
				0065839A26C53F99005326B0 /* Publisher+.swift in Sources */,
				0026291926B1DDBC00668D1F /* main.swift in Sources */,
				0065839626C53EEC005326B0 /* ListView.swift in Sources */,
				00C3EA2B27E799D100F8E1E9 /* ExampleMapper.swift in Sources */,
				00C3EA3127E79A3700F8E1E9 /* New.swift in Sources */,
				00A6D5CB26C304CC008E0BFC /* AnyScheduler.swift in Sources */,
				0065838426C53B97005326B0 /* AppUserContainer.swift in Sources */,
				00AAC4992660257C009F43A1 /* AppDelegate.swift in Sources */,
				00144D1B2666668D00EE7664 /* UserStorage.swift in Sources */,
				00C3EA3927E7A40D00F8E1E9 /* ListData.swift in Sources */,
				00C3EA3327E79A8F00F8E1E9 /* Old.swift in Sources */,
				00C3EA2D27E799EC00F8E1E9 /* Protocols.swift in Sources */,
				00C3EA3527E7A3D100F8E1E9 /* MainCoordinator.swift in Sources */,
				00B4581426602BE700D15EFD /* User.swift in Sources */,
				00A6D5C826C304CC008E0BFC /* ImmediateScheduler.swift in Sources */,
				0065839826C53F04005326B0 /* ViewModel.swift in Sources */,
				00C3EA3727E7A3EC00F8E1E9 /* ArticleCoordinator.swift in Sources */,
				00B458102660291900D15EFD /* PersistenceGateway.swift in Sources */,
				00E241E426D02B5F0027FCF9 /* ListInteractor.swift in Sources */,
				00B4581226602BD200D15EFD /* Mapper.swift in Sources */,
				00C3EA2627E7961C00F8E1E9 /* ListViewController.swift in Sources */,
				00A6D5CA26C304CC008E0BFC /* TestScheduler.swift in Sources */,
				00F62025267880B600107F16 /* ChangesetItem.swift in Sources */,
				00F62027267880F500107F16 /* PersistenceChangeset.swift in Sources */,
				00762F37269CCB0700BD6330 /* Publisher+Diff.swift in Sources */,
			);
			runOnlyForDeploymentPostprocessing = 0;
		};
		00C169C8266FFF48005EF0E1 /* Sources */ = {
			isa = PBXSourcesBuildPhase;
			buildActionMask = 2147483647;
			files = (
				0026291D26B1DDE800668D1F /* TestsAppDelegate.swift in Sources */,
				00BBF6962677D7820033844D /* PersistenceGatewayListenChangesetTests.swift in Sources */,
				00B08EE52670A32A004D9D2D /* PersistenceGatewayCoomonTests.swift in Sources */,
				00BBF69226752B120033844D /* PrimaryKeyUser.swift in Sources */,
				00C169D8266FFF61005EF0E1 /* PersistenceNotPrimaryGatewayTests.swift in Sources */,
				0065839226C53D55005326B0 /* KeyedUserContainer.swift in Sources */,
				00BBF69426752B450033844D /* NotPrimaryKeyUser.swift in Sources */,
				00B08EE326709C42004D9D2D /* PersistencePrimaryGatewayTests.swift in Sources */,
				0065839026C53D28005326B0 /* UserContainer.swift in Sources */,
				00BBF68F26752B070033844D /* PersistenceGatewayListenTests.swift in Sources */,
			);
			runOnlyForDeploymentPostprocessing = 0;
		};
/* End PBXSourcesBuildPhase section */

/* Begin PBXTargetDependency section */
		00C169D2266FFF48005EF0E1 /* PBXTargetDependency */ = {
			isa = PBXTargetDependency;
			target = 00AAC4942660257C009F43A1 /* RealmTest */;
			targetProxy = 00C169D1266FFF48005EF0E1 /* PBXContainerItemProxy */;
		};
/* End PBXTargetDependency section */

/* Begin PBXVariantGroup section */
		00AAC4A32660257E009F43A1 /* LaunchScreen.storyboard */ = {
			isa = PBXVariantGroup;
			children = (
				00AAC4A42660257E009F43A1 /* Base */,
			);
			name = LaunchScreen.storyboard;
			sourceTree = "<group>";
		};
/* End PBXVariantGroup section */

/* Begin XCBuildConfiguration section */
		00AAC4A72660257F009F43A1 /* Debug */ = {
			isa = XCBuildConfiguration;
			buildSettings = {
				ALWAYS_SEARCH_USER_PATHS = NO;
				CLANG_ANALYZER_NONNULL = YES;
				CLANG_ANALYZER_NUMBER_OBJECT_CONVERSION = YES_AGGRESSIVE;
				CLANG_CXX_LANGUAGE_STANDARD = "gnu++14";
				CLANG_CXX_LIBRARY = "libc++";
				CLANG_ENABLE_MODULES = YES;
				CLANG_ENABLE_OBJC_ARC = YES;
				CLANG_ENABLE_OBJC_WEAK = YES;
				CLANG_WARN_BLOCK_CAPTURE_AUTORELEASING = YES;
				CLANG_WARN_BOOL_CONVERSION = YES;
				CLANG_WARN_COMMA = YES;
				CLANG_WARN_CONSTANT_CONVERSION = YES;
				CLANG_WARN_DEPRECATED_OBJC_IMPLEMENTATIONS = YES;
				CLANG_WARN_DIRECT_OBJC_ISA_USAGE = YES_ERROR;
				CLANG_WARN_DOCUMENTATION_COMMENTS = YES;
				CLANG_WARN_EMPTY_BODY = YES;
				CLANG_WARN_ENUM_CONVERSION = YES;
				CLANG_WARN_INFINITE_RECURSION = YES;
				CLANG_WARN_INT_CONVERSION = YES;
				CLANG_WARN_NON_LITERAL_NULL_CONVERSION = YES;
				CLANG_WARN_OBJC_IMPLICIT_RETAIN_SELF = YES;
				CLANG_WARN_OBJC_LITERAL_CONVERSION = YES;
				CLANG_WARN_OBJC_ROOT_CLASS = YES_ERROR;
				CLANG_WARN_QUOTED_INCLUDE_IN_FRAMEWORK_HEADER = YES;
				CLANG_WARN_RANGE_LOOP_ANALYSIS = YES;
				CLANG_WARN_STRICT_PROTOTYPES = YES;
				CLANG_WARN_SUSPICIOUS_MOVE = YES;
				CLANG_WARN_UNGUARDED_AVAILABILITY = YES_AGGRESSIVE;
				CLANG_WARN_UNREACHABLE_CODE = YES;
				CLANG_WARN__DUPLICATE_METHOD_MATCH = YES;
				COPY_PHASE_STRIP = NO;
				DEBUG_INFORMATION_FORMAT = dwarf;
				ENABLE_STRICT_OBJC_MSGSEND = YES;
				ENABLE_TESTABILITY = YES;
				GCC_C_LANGUAGE_STANDARD = gnu11;
				GCC_DYNAMIC_NO_PIC = NO;
				GCC_NO_COMMON_BLOCKS = YES;
				GCC_OPTIMIZATION_LEVEL = 0;
				GCC_PREPROCESSOR_DEFINITIONS = (
					"DEBUG=1",
					"$(inherited)",
				);
				GCC_WARN_64_TO_32_BIT_CONVERSION = YES;
				GCC_WARN_ABOUT_RETURN_TYPE = YES_ERROR;
				GCC_WARN_UNDECLARED_SELECTOR = YES;
				GCC_WARN_UNINITIALIZED_AUTOS = YES_AGGRESSIVE;
				GCC_WARN_UNUSED_FUNCTION = YES;
				GCC_WARN_UNUSED_VARIABLE = YES;
				IPHONEOS_DEPLOYMENT_TARGET = 14.5;
				MTL_ENABLE_DEBUG_INFO = INCLUDE_SOURCE;
				MTL_FAST_MATH = YES;
				ONLY_ACTIVE_ARCH = YES;
				SDKROOT = iphoneos;
				SWIFT_ACTIVE_COMPILATION_CONDITIONS = DEBUG;
				SWIFT_OPTIMIZATION_LEVEL = "-Onone";
			};
			name = Debug;
		};
		00AAC4A82660257F009F43A1 /* Release */ = {
			isa = XCBuildConfiguration;
			buildSettings = {
				ALWAYS_SEARCH_USER_PATHS = NO;
				CLANG_ANALYZER_NONNULL = YES;
				CLANG_ANALYZER_NUMBER_OBJECT_CONVERSION = YES_AGGRESSIVE;
				CLANG_CXX_LANGUAGE_STANDARD = "gnu++14";
				CLANG_CXX_LIBRARY = "libc++";
				CLANG_ENABLE_MODULES = YES;
				CLANG_ENABLE_OBJC_ARC = YES;
				CLANG_ENABLE_OBJC_WEAK = YES;
				CLANG_WARN_BLOCK_CAPTURE_AUTORELEASING = YES;
				CLANG_WARN_BOOL_CONVERSION = YES;
				CLANG_WARN_COMMA = YES;
				CLANG_WARN_CONSTANT_CONVERSION = YES;
				CLANG_WARN_DEPRECATED_OBJC_IMPLEMENTATIONS = YES;
				CLANG_WARN_DIRECT_OBJC_ISA_USAGE = YES_ERROR;
				CLANG_WARN_DOCUMENTATION_COMMENTS = YES;
				CLANG_WARN_EMPTY_BODY = YES;
				CLANG_WARN_ENUM_CONVERSION = YES;
				CLANG_WARN_INFINITE_RECURSION = YES;
				CLANG_WARN_INT_CONVERSION = YES;
				CLANG_WARN_NON_LITERAL_NULL_CONVERSION = YES;
				CLANG_WARN_OBJC_IMPLICIT_RETAIN_SELF = YES;
				CLANG_WARN_OBJC_LITERAL_CONVERSION = YES;
				CLANG_WARN_OBJC_ROOT_CLASS = YES_ERROR;
				CLANG_WARN_QUOTED_INCLUDE_IN_FRAMEWORK_HEADER = YES;
				CLANG_WARN_RANGE_LOOP_ANALYSIS = YES;
				CLANG_WARN_STRICT_PROTOTYPES = YES;
				CLANG_WARN_SUSPICIOUS_MOVE = YES;
				CLANG_WARN_UNGUARDED_AVAILABILITY = YES_AGGRESSIVE;
				CLANG_WARN_UNREACHABLE_CODE = YES;
				CLANG_WARN__DUPLICATE_METHOD_MATCH = YES;
				COPY_PHASE_STRIP = NO;
				DEBUG_INFORMATION_FORMAT = "dwarf-with-dsym";
				ENABLE_NS_ASSERTIONS = NO;
				ENABLE_STRICT_OBJC_MSGSEND = YES;
				GCC_C_LANGUAGE_STANDARD = gnu11;
				GCC_NO_COMMON_BLOCKS = YES;
				GCC_WARN_64_TO_32_BIT_CONVERSION = YES;
				GCC_WARN_ABOUT_RETURN_TYPE = YES_ERROR;
				GCC_WARN_UNDECLARED_SELECTOR = YES;
				GCC_WARN_UNINITIALIZED_AUTOS = YES_AGGRESSIVE;
				GCC_WARN_UNUSED_FUNCTION = YES;
				GCC_WARN_UNUSED_VARIABLE = YES;
				IPHONEOS_DEPLOYMENT_TARGET = 14.5;
				MTL_ENABLE_DEBUG_INFO = NO;
				MTL_FAST_MATH = YES;
				SDKROOT = iphoneos;
				SWIFT_COMPILATION_MODE = wholemodule;
				SWIFT_OPTIMIZATION_LEVEL = "-O";
				VALIDATE_PRODUCT = YES;
			};
			name = Release;
		};
		00AAC4AA2660257F009F43A1 /* Debug */ = {
			isa = XCBuildConfiguration;
			buildSettings = {
				ASSETCATALOG_COMPILER_APPICON_NAME = AppIcon;
				ASSETCATALOG_COMPILER_GLOBAL_ACCENT_COLOR_NAME = AccentColor;
				CODE_SIGN_STYLE = Automatic;
				DEVELOPMENT_TEAM = 2FFN32AD3Z;
				FRAMEWORK_SEARCH_PATHS = "$(inherited)";
				INFOPLIST_FILE = RealmTest/Info.plist;
				LD_RUNPATH_SEARCH_PATHS = (
					"$(inherited)",
					"@executable_path/Frameworks",
				);
				PRODUCT_BUNDLE_IDENTIFIER = qwe.RealmTest;
				PRODUCT_NAME = "$(TARGET_NAME)";
				SWIFT_VERSION = 5.0;
				TARGETED_DEVICE_FAMILY = 1;
			};
			name = Debug;
		};
		00AAC4AB2660257F009F43A1 /* Release */ = {
			isa = XCBuildConfiguration;
			buildSettings = {
				ASSETCATALOG_COMPILER_APPICON_NAME = AppIcon;
				ASSETCATALOG_COMPILER_GLOBAL_ACCENT_COLOR_NAME = AccentColor;
				CODE_SIGN_STYLE = Automatic;
				DEVELOPMENT_TEAM = 2FFN32AD3Z;
				FRAMEWORK_SEARCH_PATHS = "$(inherited)";
				INFOPLIST_FILE = RealmTest/Info.plist;
				LD_RUNPATH_SEARCH_PATHS = (
					"$(inherited)",
					"@executable_path/Frameworks",
				);
				PRODUCT_BUNDLE_IDENTIFIER = qwe.RealmTest;
				PRODUCT_NAME = "$(TARGET_NAME)";
				SWIFT_VERSION = 5.0;
				TARGETED_DEVICE_FAMILY = 1;
			};
			name = Release;
		};
		00C169D3266FFF48005EF0E1 /* Debug */ = {
			isa = XCBuildConfiguration;
			buildSettings = {
				BUNDLE_LOADER = "$(TEST_HOST)";
				CODE_SIGN_STYLE = Automatic;
				DEVELOPMENT_TEAM = 2FFN32AD3Z;
				FRAMEWORK_SEARCH_PATHS = "$(inherited)";
				INFOPLIST_FILE = RealmTestTests/Info.plist;
				LD_RUNPATH_SEARCH_PATHS = (
					"$(inherited)",
					"@executable_path/Frameworks",
				);
				PRODUCT_BUNDLE_IDENTIFIER = qwe.RealmTestTests;
				PRODUCT_NAME = "$(TARGET_NAME)";
				SWIFT_VERSION = 5.0;
				TARGETED_DEVICE_FAMILY = "1,2";
				TEST_HOST = "$(BUILT_PRODUCTS_DIR)/RealmTest.app/RealmTest";
			};
			name = Debug;
		};
		00C169D4266FFF48005EF0E1 /* Release */ = {
			isa = XCBuildConfiguration;
			buildSettings = {
				BUNDLE_LOADER = "$(TEST_HOST)";
				CODE_SIGN_STYLE = Automatic;
				DEVELOPMENT_TEAM = 2FFN32AD3Z;
				FRAMEWORK_SEARCH_PATHS = "$(inherited)";
				INFOPLIST_FILE = RealmTestTests/Info.plist;
				LD_RUNPATH_SEARCH_PATHS = (
					"$(inherited)",
					"@executable_path/Frameworks",
				);
				PRODUCT_BUNDLE_IDENTIFIER = qwe.RealmTestTests;
				PRODUCT_NAME = "$(TARGET_NAME)";
				SWIFT_VERSION = 5.0;
				TARGETED_DEVICE_FAMILY = "1,2";
				TEST_HOST = "$(BUILT_PRODUCTS_DIR)/RealmTest.app/RealmTest";
			};
			name = Release;
		};
/* End XCBuildConfiguration section */

/* Begin XCConfigurationList section */
		00AAC4902660257C009F43A1 /* Build configuration list for PBXProject "RealmTest" */ = {
			isa = XCConfigurationList;
			buildConfigurations = (
				00AAC4A72660257F009F43A1 /* Debug */,
				00AAC4A82660257F009F43A1 /* Release */,
			);
			defaultConfigurationIsVisible = 0;
			defaultConfigurationName = Release;
		};
		00AAC4A92660257F009F43A1 /* Build configuration list for PBXNativeTarget "RealmTest" */ = {
			isa = XCConfigurationList;
			buildConfigurations = (
				00AAC4AA2660257F009F43A1 /* Debug */,
				00AAC4AB2660257F009F43A1 /* Release */,
			);
			defaultConfigurationIsVisible = 0;
			defaultConfigurationName = Release;
		};
		00C169D5266FFF48005EF0E1 /* Build configuration list for PBXNativeTarget "RealmTestTests" */ = {
			isa = XCConfigurationList;
			buildConfigurations = (
				00C169D3266FFF48005EF0E1 /* Debug */,
				00C169D4266FFF48005EF0E1 /* Release */,
			);
			defaultConfigurationIsVisible = 0;
			defaultConfigurationName = Release;
		};
/* End XCConfigurationList section */

/* Begin XCRemoteSwiftPackageReference section */
		00453ECD27E7631700E3DC6E /* XCRemoteSwiftPackageReference "realm-swift" */ = {
			isa = XCRemoteSwiftPackageReference;
			repositoryURL = "https://github.com/realm/realm-swift.git";
			requirement = {
				kind = upToNextMajorVersion;
				minimumVersion = 10.24.0;
			};
		};
/* End XCRemoteSwiftPackageReference section */

/* Begin XCSwiftPackageProductDependency section */
		00453ECE27E7631700E3DC6E /* Realm */ = {
			isa = XCSwiftPackageProductDependency;
			package = 00453ECD27E7631700E3DC6E /* XCRemoteSwiftPackageReference "realm-swift" */;
			productName = Realm;
		};
		00453ED027E7631700E3DC6E /* RealmSwift */ = {
			isa = XCSwiftPackageProductDependency;
			package = 00453ECD27E7631700E3DC6E /* XCRemoteSwiftPackageReference "realm-swift" */;
			productName = RealmSwift;
		};
		00453ED227E763FC00E3DC6E /* RealmSwift */ = {
			isa = XCSwiftPackageProductDependency;
			package = 00453ECD27E7631700E3DC6E /* XCRemoteSwiftPackageReference "realm-swift" */;
			productName = RealmSwift;
		};
		00453ED427E7640200E3DC6E /* Realm */ = {
			isa = XCSwiftPackageProductDependency;
			package = 00453ECD27E7631700E3DC6E /* XCRemoteSwiftPackageReference "realm-swift" */;
			productName = Realm;
		};
/* End XCSwiftPackageProductDependency section */
	};
	rootObject = 00AAC48D2660257C009F43A1 /* Project object */;
}
